Microsoft Visual Studio Solution File, Format Version 12.00
# Visual Studio Version 17
VisualStudioVersion = 17.5.2.0
MinimumVisualStudioVersion = 10.0.40219.1
Project("{2150E333-8FDC-42A3-9474-1A3956D46DE8}") = "C# Projects", "C# Projects", "{B9558AED-251C-8337-F34B-AE78F04F0FA2}"
EndProject
Project("{FAE04EC0-301F-11D3-BF4B-00C04F79EFBC}") = "SnakeApp", "C# Projects\SnakeApp\SnakeApp.csproj", "{95631370-E58C-A929-8343-31EE34498501}"
EndProject
Global
	GlobalSection(SolutionConfigurationPlatforms) = preSolution
		Debug|Any CPU = Debug|Any CPU
		Release|Any CPU = Release|Any CPU
	EndGlobalSection
	GlobalSection(ProjectConfigurationPlatforms) = postSolution
		{95631370-E58C-A929-8343-31EE34498501}.Debug|Any CPU.ActiveCfg = Debug|Any CPU
		{95631370-E58C-A929-8343-31EE34498501}.Debug|Any CPU.Build.0 = Debug|Any CPU
		{95631370-E58C-A929-8343-31EE34498501}.Release|Any CPU.ActiveCfg = Release|Any CPU
		{95631370-E58C-A929-8343-31EE34498501}.Release|Any CPU.Build.0 = Release|Any CPU
	EndGlobalSection
	GlobalSection(SolutionProperties) = preSolution
		HideSolutionNode = FALSE
	EndGlobalSection
	GlobalSection(NestedProjects) = preSolution
		{95631370-E58C-A929-8343-31EE34498501} = {B9558AED-251C-8337-F34B-AE78F04F0FA2}
	EndGlobalSection
	GlobalSection(ExtensibilityGlobals) = postSolution
		SolutionGuid = {A303324E-B54B-4903-8E54-D1E37EC57D52}
	EndGlobalSection
EndGlobal
